# Generated by buf. DO NOT EDIT.
version: v1
deps:
  - remote: buf.build
    owner: cosmos
    repository: cosmos-proto
    commit: 1935555c206d4afb9e94615dfd0fad31
  - remote: buf.build
    owner: cosmos
    repository: cosmos-sdk
    commit: bfe2fb50c22b479e8653f81e23b32659
  - remote: buf.build
    owner: cosmos
    repository: gogo-proto
    commit: bee5511075b7499da6178d9e4aaa628b
  - remote: buf.build
    owner: googleapis
    repository: googleapis
    commit: 6fa2578641f0414ba54e648d502b34cc
